
Microsoft Visual Studio Solution File, Format Version 12.00
# Visual Studio Version 17
VisualStudioVersion = 17.4.33213.308
MinimumVisualStudioVersion = 10.0.40219.1
Project("{FAE04EC0-301F-11D3-BF4B-00C04F79EFBC}") = "owentest", "owentest\owentest.csproj", "{93256260-6DB8-470B-83C2-32BDFC2D21E2}"
EndProject
Global
	GlobalSection(SolutionConfigurationPlatforms) = preSolution
		Debug|Any CPU = Debug|Any CPU
		Release|Any CPU = Release|Any CPU
	EndGlobalSection
	GlobalSection(ProjectConfigurationPlatforms) = postSolution
		{93256260-6DB8-470B-83C2-32BDFC2D21E2}.Debug|Any CPU.ActiveCfg = Debug|Any CPU
		{93256260-6DB8-470B-83C2-32BDFC2D21E2}.Debug|Any CPU.Build.0 = Debug|Any CPU
		{93256260-6DB8-470B-83C2-32BDFC2D21E2}.Release|Any CPU.ActiveCfg = Release|Any CPU
		{93256260-6DB8-470B-83C2-32BDFC2D21E2}.Release|Any CPU.Build.0 = Release|Any CPU
	EndGlobalSection
	GlobalSection(SolutionProperties) = preSolution
		HideSolutionNode = FALSE
	EndGlobalSection
	GlobalSection(ExtensibilityGlobals) = postSolution
		SolutionGuid = {C5EEC623-7D2D-43A5-A00A-73DF6ECB9418}
	EndGlobalSection
EndGlobal
